
Microsoft Visual Studio Solution File, Format Version 12.00
# Visual Studio 2013
VisualStudioVersion = 12.0.31101.0
MinimumVisualStudioVersion = 10.0.40219.1
Project("{FAE04EC0-301F-11D3-BF4B-00C04F79EFBC}") = "UnitTestProject", "UnitTestProject\UnitTestProject.csproj", "{75238620-C3D2-4394-9A22-23EC2BE59DC7}"
EndProject
Project("{FAE04EC0-301F-11D3-BF4B-00C04F79EFBC}") = "UnitSample", "UnitSample\UnitSample.csproj", "{985FC276-1793-420C-A801-BC91866CBCB8}"
EndProject
Global
	GlobalSection(SolutionConfigurationPlatforms) = preSolution
		Debug|Any CPU = Debug|Any CPU
		Release|Any CPU = Release|Any CPU
	EndGlobalSection
	GlobalSection(ProjectConfigurationPlatforms) = postSolution
		{75238620-C3D2-4394-9A22-23EC2BE59DC7}.Debug|Any CPU.ActiveCfg = Debug|Any CPU
		{75238620-C3D2-4394-9A22-23EC2BE59DC7}.Debug|Any CPU.Build.0 = Debug|Any CPU
		{75238620-C3D2-4394-9A22-23EC2BE59DC7}.Release|Any CPU.ActiveCfg = Release|Any CPU
		{75238620-C3D2-4394-9A22-23EC2BE59DC7}.Release|Any CPU.Build.0 = Release|Any CPU
		{985FC276-1793-420C-A801-BC91866CBCB8}.Debug|Any CPU.ActiveCfg = Debug|Any CPU
		{985FC276-1793-420C-A801-BC91866CBCB8}.Debug|Any CPU.Build.0 = Debug|Any CPU
		{985FC276-1793-420C-A801-BC91866CBCB8}.Release|Any CPU.ActiveCfg = Release|Any CPU
		{985FC276-1793-420C-A801-BC91866CBCB8}.Release|Any CPU.Build.0 = Release|Any CPU
	EndGlobalSection
	GlobalSection(SolutionProperties) = preSolution
		HideSolutionNode = FALSE
	EndGlobalSection
EndGlobal
