
Microsoft Visual Studio Solution File, Format Version 12.00
# Visual Studio 2013
VisualStudioVersion = 12.0.31101.0
MinimumVisualStudioVersion = 10.0.40219.1
Project("{FAE04EC0-301F-11D3-BF4B-00C04F79EFBC}") = "Demo.UI", "Demo.UI\Demo.UI.csproj", "{E3559CD5-9625-4D5F-B376-46B2183573B0}"
	ProjectSection(ProjectDependencies) = postProject
		{E0978D97-3AB7-4B67-8CFD-72E9A499611F} = {E0978D97-3AB7-4B67-8CFD-72E9A499611F}
	EndProjectSection
EndProject
Project("{FAE04EC0-301F-11D3-BF4B-00C04F79EFBC}") = "Demo.EmployeeService", "Demo.EmployeeService\Demo.EmployeeService.csproj", "{E0978D97-3AB7-4B67-8CFD-72E9A499611F}"
EndProject
Project("{FAE04EC0-301F-11D3-BF4B-00C04F79EFBC}") = "Demo.Repository", "Demo.Repository\Demo.Repository.csproj", "{8C56A56E-3E70-4A64-A32E-CC14064264CD}"
EndProject
Project("{FAE04EC0-301F-11D3-BF4B-00C04F79EFBC}") = "Demo.Models", "Demo.Models\Demo.Models.csproj", "{95281598-5A63-4A69-A5EE-996D8E31B584}"
EndProject
Global
	GlobalSection(SolutionConfigurationPlatforms) = preSolution
		Debug|Any CPU = Debug|Any CPU
		Release|Any CPU = Release|Any CPU
	EndGlobalSection
	GlobalSection(ProjectConfigurationPlatforms) = postSolution
		{E3559CD5-9625-4D5F-B376-46B2183573B0}.Debug|Any CPU.ActiveCfg = Debug|Any CPU
		{E3559CD5-9625-4D5F-B376-46B2183573B0}.Debug|Any CPU.Build.0 = Debug|Any CPU
		{E3559CD5-9625-4D5F-B376-46B2183573B0}.Release|Any CPU.ActiveCfg = Release|Any CPU
		{E3559CD5-9625-4D5F-B376-46B2183573B0}.Release|Any CPU.Build.0 = Release|Any CPU
		{E0978D97-3AB7-4B67-8CFD-72E9A499611F}.Debug|Any CPU.ActiveCfg = Debug|Any CPU
		{E0978D97-3AB7-4B67-8CFD-72E9A499611F}.Debug|Any CPU.Build.0 = Debug|Any CPU
		{E0978D97-3AB7-4B67-8CFD-72E9A499611F}.Release|Any CPU.ActiveCfg = Release|Any CPU
		{E0978D97-3AB7-4B67-8CFD-72E9A499611F}.Release|Any CPU.Build.0 = Release|Any CPU
		{8C56A56E-3E70-4A64-A32E-CC14064264CD}.Debug|Any CPU.ActiveCfg = Debug|Any CPU
		{8C56A56E-3E70-4A64-A32E-CC14064264CD}.Debug|Any CPU.Build.0 = Debug|Any CPU
		{8C56A56E-3E70-4A64-A32E-CC14064264CD}.Release|Any CPU.ActiveCfg = Release|Any CPU
		{8C56A56E-3E70-4A64-A32E-CC14064264CD}.Release|Any CPU.Build.0 = Release|Any CPU
		{95281598-5A63-4A69-A5EE-996D8E31B584}.Debug|Any CPU.ActiveCfg = Debug|Any CPU
		{95281598-5A63-4A69-A5EE-996D8E31B584}.Debug|Any CPU.Build.0 = Debug|Any CPU
		{95281598-5A63-4A69-A5EE-996D8E31B584}.Release|Any CPU.ActiveCfg = Release|Any CPU
		{95281598-5A63-4A69-A5EE-996D8E31B584}.Release|Any CPU.Build.0 = Release|Any CPU
	EndGlobalSection
	GlobalSection(SolutionProperties) = preSolution
		HideSolutionNode = FALSE
	EndGlobalSection
EndGlobal
